
Microsoft Visual Studio Solution File, Format Version 12.00
Project("{FAE04EC0-301F-11D3-BF4B-00C04F79EFBC}") = "AlumniRatio.Backend", "AlumniRatio.Backend\AlumniRatio.Backend.csproj", "{750DE2A9-C74E-401A-A281-3F44E7EAC9EB}"
EndProject
Global
	GlobalSection(SolutionConfigurationPlatforms) = preSolution
		Debug|Any CPU = Debug|Any CPU
		Release|Any CPU = Release|Any CPU
	EndGlobalSection
	GlobalSection(ProjectConfigurationPlatforms) = postSolution
		{750DE2A9-C74E-401A-A281-3F44E7EAC9EB}.Debug|Any CPU.ActiveCfg = Debug|Any CPU
		{750DE2A9-C74E-401A-A281-3F44E7EAC9EB}.Debug|Any CPU.Build.0 = Debug|Any CPU
		{750DE2A9-C74E-401A-A281-3F44E7EAC9EB}.Release|Any CPU.ActiveCfg = Release|Any CPU
		{750DE2A9-C74E-401A-A281-3F44E7EAC9EB}.Release|Any CPU.Build.0 = Release|Any CPU
	EndGlobalSection
EndGlobal
